
Microsoft Visual Studio Solution File, Format Version 12.00
# Visual Studio Version 16
VisualStudioVersion = 16.0.30225.117
MinimumVisualStudioVersion = 10.0.40219.1
Project("{FAE04EC0-301F-11D3-BF4B-00C04F79EFBC}") = "College_Project", "College_Project\College_Project.csproj", "{A295703D-4C8A-4D29-8CBE-857C24B8D614}"
EndProject
Global
	GlobalSection(SolutionConfigurationPlatforms) = preSolution
		Debug|Any CPU = Debug|Any CPU
		Release|Any CPU = Release|Any CPU
	EndGlobalSection
	GlobalSection(ProjectConfigurationPlatforms) = postSolution
		{A295703D-4C8A-4D29-8CBE-857C24B8D614}.Debug|Any CPU.ActiveCfg = Debug|Any CPU
		{A295703D-4C8A-4D29-8CBE-857C24B8D614}.Debug|Any CPU.Build.0 = Debug|Any CPU
		{A295703D-4C8A-4D29-8CBE-857C24B8D614}.Release|Any CPU.ActiveCfg = Release|Any CPU
		{A295703D-4C8A-4D29-8CBE-857C24B8D614}.Release|Any CPU.Build.0 = Release|Any CPU
	EndGlobalSection
	GlobalSection(SolutionProperties) = preSolution
		HideSolutionNode = FALSE
	EndGlobalSection
	GlobalSection(ExtensibilityGlobals) = postSolution
		SolutionGuid = {AAECD4C5-994D-4483-8BAD-519A9254D4C0}
	EndGlobalSection
EndGlobal
